{
  "nodes": {
    "nixlib": {
      "locked": {
        "lastModified": 1653180592,
        "narHash": "sha256-sVGwmxTj7CY1D4ioy7E+iJE+1/yHqQlxjnTpar3ap/E=",
        "owner": "nix-community",
        "repo": "nixpkgs.lib",
        "rev": "42c5f5785b70cd64b4afd830dc31d0b08461abd5",
        "type": "github"
      },
      "original": {
        "owner": "nix-community",
        "repo": "nixpkgs.lib",
        "type": "github"
      }
    },
    "root": {
      "inputs": {
        "nixlib": "nixlib"
      }
    }
  },
  "root": "root",
  "version": 7
}
